
Microsoft Visual Studio Solution File, Format Version 12.00
# Visual Studio 15
VisualStudioVersion = 15.0.28307.705
MinimumVisualStudioVersion = 10.0.40219.1
Project("{FAE04EC0-301F-11D3-BF4B-00C04F79EFBC}") = "mvp-frame", "mvp-frame\mvp-frame.csproj", "{1E508B57-CEA5-4D98-8B2B-30ABC64037CF}"
EndProject
Project("{FAE04EC0-301F-11D3-BF4B-00C04F79EFBC}") = "Interface", "Interface\Interface.csproj", "{54CD5704-F5E6-40E5-916E-7AA2E8EAE655}"
EndProject
Project("{FAE04EC0-301F-11D3-BF4B-00C04F79EFBC}") = "plug_video_src", "video_src\plug_video_src.csproj", "{7B554A5D-4A95-4CF5-B84D-EB8779F19CF0}"
EndProject
Project("{FAE04EC0-301F-11D3-BF4B-00C04F79EFBC}") = "plug_trigger_demo", "plug_trigger_demo\plug_trigger_demo.csproj", "{B93CCC17-2BFF-415B-8902-4644C52FC737}"
EndProject
Global
	GlobalSection(SolutionConfigurationPlatforms) = preSolution
		Debug|Any CPU = Debug|Any CPU
		Debug|x64 = Debug|x64
		Release|Any CPU = Release|Any CPU
		Release|x64 = Release|x64
	EndGlobalSection
	GlobalSection(ProjectConfigurationPlatforms) = postSolution
		{1E508B57-CEA5-4D98-8B2B-30ABC64037CF}.Debug|Any CPU.ActiveCfg = Debug|Any CPU
		{1E508B57-CEA5-4D98-8B2B-30ABC64037CF}.Debug|Any CPU.Build.0 = Debug|Any CPU
		{1E508B57-CEA5-4D98-8B2B-30ABC64037CF}.Debug|x64.ActiveCfg = Debug|x64
		{1E508B57-CEA5-4D98-8B2B-30ABC64037CF}.Debug|x64.Build.0 = Debug|x64
		{1E508B57-CEA5-4D98-8B2B-30ABC64037CF}.Release|Any CPU.ActiveCfg = Release|Any CPU
		{1E508B57-CEA5-4D98-8B2B-30ABC64037CF}.Release|Any CPU.Build.0 = Release|Any CPU
		{1E508B57-CEA5-4D98-8B2B-30ABC64037CF}.Release|x64.ActiveCfg = Release|x64
		{1E508B57-CEA5-4D98-8B2B-30ABC64037CF}.Release|x64.Build.0 = Release|x64
		{54CD5704-F5E6-40E5-916E-7AA2E8EAE655}.Debug|Any CPU.ActiveCfg = Debug|Any CPU
		{54CD5704-F5E6-40E5-916E-7AA2E8EAE655}.Debug|Any CPU.Build.0 = Debug|Any CPU
		{54CD5704-F5E6-40E5-916E-7AA2E8EAE655}.Debug|x64.ActiveCfg = Debug|x64
		{54CD5704-F5E6-40E5-916E-7AA2E8EAE655}.Debug|x64.Build.0 = Debug|x64
		{54CD5704-F5E6-40E5-916E-7AA2E8EAE655}.Release|Any CPU.ActiveCfg = Release|Any CPU
		{54CD5704-F5E6-40E5-916E-7AA2E8EAE655}.Release|Any CPU.Build.0 = Release|Any CPU
		{54CD5704-F5E6-40E5-916E-7AA2E8EAE655}.Release|x64.ActiveCfg = Release|x64
		{54CD5704-F5E6-40E5-916E-7AA2E8EAE655}.Release|x64.Build.0 = Release|x64
		{7B554A5D-4A95-4CF5-B84D-EB8779F19CF0}.Debug|Any CPU.ActiveCfg = Debug|Any CPU
		{7B554A5D-4A95-4CF5-B84D-EB8779F19CF0}.Debug|Any CPU.Build.0 = Debug|Any CPU
		{7B554A5D-4A95-4CF5-B84D-EB8779F19CF0}.Debug|x64.ActiveCfg = Debug|x64
		{7B554A5D-4A95-4CF5-B84D-EB8779F19CF0}.Debug|x64.Build.0 = Debug|x64
		{7B554A5D-4A95-4CF5-B84D-EB8779F19CF0}.Release|Any CPU.ActiveCfg = Release|Any CPU
		{7B554A5D-4A95-4CF5-B84D-EB8779F19CF0}.Release|Any CPU.Build.0 = Release|Any CPU
		{7B554A5D-4A95-4CF5-B84D-EB8779F19CF0}.Release|x64.ActiveCfg = Release|x64
		{7B554A5D-4A95-4CF5-B84D-EB8779F19CF0}.Release|x64.Build.0 = Release|x64
		{B93CCC17-2BFF-415B-8902-4644C52FC737}.Debug|Any CPU.ActiveCfg = Debug|Any CPU
		{B93CCC17-2BFF-415B-8902-4644C52FC737}.Debug|Any CPU.Build.0 = Debug|Any CPU
		{B93CCC17-2BFF-415B-8902-4644C52FC737}.Debug|x64.ActiveCfg = Debug|Any CPU
		{B93CCC17-2BFF-415B-8902-4644C52FC737}.Debug|x64.Build.0 = Debug|Any CPU
		{B93CCC17-2BFF-415B-8902-4644C52FC737}.Release|Any CPU.ActiveCfg = Release|Any CPU
		{B93CCC17-2BFF-415B-8902-4644C52FC737}.Release|Any CPU.Build.0 = Release|Any CPU
		{B93CCC17-2BFF-415B-8902-4644C52FC737}.Release|x64.ActiveCfg = Release|Any CPU
		{B93CCC17-2BFF-415B-8902-4644C52FC737}.Release|x64.Build.0 = Release|Any CPU
	EndGlobalSection
	GlobalSection(SolutionProperties) = preSolution
		HideSolutionNode = FALSE
	EndGlobalSection
	GlobalSection(ExtensibilityGlobals) = postSolution
		SolutionGuid = {0E79BAE0-010F-42F4-B557-FAFE257A7330}
	EndGlobalSection
EndGlobal
